
Microsoft Visual Studio Solution File, Format Version 12.00
# Visual Studio Version 16
VisualStudioVersion = 16.0.29728.190
MinimumVisualStudioVersion = 10.0.40219.1
Project("{FAE04EC0-301F-11D3-BF4B-00C04F79EFBC}") = "ProductsMaterialsSQLite", "ProductsMaterialsSQLite\ProductsMaterialsSQLite.csproj", "{102BA107-5A5C-41AF-9BA4-1E185FA73B6B}"
EndProject
Project("{FAE04EC0-301F-11D3-BF4B-00C04F79EFBC}") = "Common", "Common\Common.csproj", "{9035BB8E-7EF5-4F55-816D-59356A21FCD7}"
EndProject
Project("{FAE04EC0-301F-11D3-BF4B-00C04F79EFBC}") = "DatabaseDownloadEmulatorWPF", "DatabaseDownloadEmulatorWPF\DatabaseDownloadEmulatorWPF.csproj", "{6523CCE5-291C-43C3-A795-018F9DF4690E}"
EndProject
Global
	GlobalSection(SolutionConfigurationPlatforms) = preSolution
		Debug|Any CPU = Debug|Any CPU
		Release|Any CPU = Release|Any CPU
	EndGlobalSection
	GlobalSection(ProjectConfigurationPlatforms) = postSolution
		{102BA107-5A5C-41AF-9BA4-1E185FA73B6B}.Debug|Any CPU.ActiveCfg = Debug|Any CPU
		{102BA107-5A5C-41AF-9BA4-1E185FA73B6B}.Debug|Any CPU.Build.0 = Debug|Any CPU
		{102BA107-5A5C-41AF-9BA4-1E185FA73B6B}.Release|Any CPU.ActiveCfg = Release|Any CPU
		{102BA107-5A5C-41AF-9BA4-1E185FA73B6B}.Release|Any CPU.Build.0 = Release|Any CPU
		{9035BB8E-7EF5-4F55-816D-59356A21FCD7}.Debug|Any CPU.ActiveCfg = Debug|Any CPU
		{9035BB8E-7EF5-4F55-816D-59356A21FCD7}.Debug|Any CPU.Build.0 = Debug|Any CPU
		{9035BB8E-7EF5-4F55-816D-59356A21FCD7}.Release|Any CPU.ActiveCfg = Release|Any CPU
		{9035BB8E-7EF5-4F55-816D-59356A21FCD7}.Release|Any CPU.Build.0 = Release|Any CPU
		{6523CCE5-291C-43C3-A795-018F9DF4690E}.Debug|Any CPU.ActiveCfg = Debug|Any CPU
		{6523CCE5-291C-43C3-A795-018F9DF4690E}.Debug|Any CPU.Build.0 = Debug|Any CPU
		{6523CCE5-291C-43C3-A795-018F9DF4690E}.Release|Any CPU.ActiveCfg = Release|Any CPU
		{6523CCE5-291C-43C3-A795-018F9DF4690E}.Release|Any CPU.Build.0 = Release|Any CPU
	EndGlobalSection
	GlobalSection(SolutionProperties) = preSolution
		HideSolutionNode = FALSE
	EndGlobalSection
	GlobalSection(ExtensibilityGlobals) = postSolution
		SolutionGuid = {53A75C0B-6528-4A35-B8EF-EDDFB7A2B73B}
	EndGlobalSection
EndGlobal
